
Microsoft Visual Studio Solution File, Format Version 12.00
# Visual Studio Version 17
VisualStudioVersion = 17.5.002.0
MinimumVisualStudioVersion = 10.0.40219.1
Project("{2150E333-8FDC-42A3-9474-1A3956D46DE8}") = "week01", "week01", "{45042F3A-FDB8-4F5F-AEB9-4D3ED68F6023}"
EndProject
Project("{9A19103F-16F7-4668-BE54-9A1E7A4F7556}") = "code", "week01\code\code.csproj", "{DE5EF3F1-2452-4B6A-BC2A-25B2671AAE27}"
EndProject
Project("{9A19103F-16F7-4668-BE54-9A1E7A4F7556}") = "analyze", "week01\analyze\analyze.csproj", "{2D120776-364A-46BE-B008-58E8D37C0F7E}"
EndProject
Project("{9A19103F-16F7-4668-BE54-9A1E7A4F7556}") = "teach", "week01\teach\teach.csproj", "{B86CFA8C-AF95-4EAA-81D3-9C317060D4A8}"
EndProject
Project("{2150E333-8FDC-42A3-9474-1A3956D46DE8}") = "week06", "week06", "{9F63BEDB-AC05-4DA0-B4C1-2FED72E31A44}"
EndProject
Project("{9A19103F-16F7-4668-BE54-9A1E7A4F7556}") = "code", "week06\code\code.csproj", "{8EC22A3D-E8C1-42BA-B68F-14F7CEE53E50}"
EndProject
Project("{2150E333-8FDC-42A3-9474-1A3956D46DE8}") = "sandbox", "sandbox", "{9171D1AB-72F4-4D42-A746-53AA052565A7}"
EndProject
Project("{9A19103F-16F7-4668-BE54-9A1E7A4F7556}") = "sandbox_project", "sandbox\sandbox_project\sandbox_project.csproj", "{DBDA0AEE-3655-483E-AD54-48F79741868E}"
EndProject
Project("{2150E333-8FDC-42A3-9474-1A3956D46DE8}") = "week05", "week05", "{ECA61443-2DEE-48EF-B4F2-5E7C66EA9C5D}"
EndProject
Project("{9A19103F-16F7-4668-BE54-9A1E7A4F7556}") = "code", "week05\code\code.csproj", "{502B218F-F542-4AA4-BCB9-79129F4175BF}"
EndProject
Project("{2150E333-8FDC-42A3-9474-1A3956D46DE8}") = "week02", "week02", "{AEBE8945-2A4A-497B-ADFC-50C8D858940B}"
EndProject
Project("{9A19103F-16F7-4668-BE54-9A1E7A4F7556}") = "learn", "week02\learn\learn.csproj", "{D01DA12E-BA9A-4EB7-B8EA-354B823500DB}"
EndProject
Project("{9A19103F-16F7-4668-BE54-9A1E7A4F7556}") = "code", "week02\code\code.csproj", "{01FAC928-A852-4119-9A8E-C15EC280552A}"
EndProject
Project("{9A19103F-16F7-4668-BE54-9A1E7A4F7556}") = "analyze", "week02\analyze\analyze.csproj", "{1A3680F5-E416-46B9-8282-98F25E55A01D}"
EndProject
Project("{9A19103F-16F7-4668-BE54-9A1E7A4F7556}") = "teach", "week02\teach\teach.csproj", "{641920B4-BCF1-4BEE-B26B-5FBAF5BECC22}"
EndProject
Project("{2150E333-8FDC-42A3-9474-1A3956D46DE8}") = "week03", "week03", "{894639E6-AAC1-474C-BD62-B67D40ADE86D}"
EndProject
Project("{9A19103F-16F7-4668-BE54-9A1E7A4F7556}") = "learn", "week03\learn\learn.csproj", "{BC4D0ACC-4342-4437-B99B-6E58629D2796}"
EndProject
Project("{9A19103F-16F7-4668-BE54-9A1E7A4F7556}") = "code", "week03\code\code.csproj", "{69FCFEF8-A8A2-414A-AF75-253CEA7474D9}"
EndProject
Project("{9A19103F-16F7-4668-BE54-9A1E7A4F7556}") = "teach", "week03\teach\teach.csproj", "{AB3DEEEE-33E4-4BA3-86B1-0FB38B8F1104}"
EndProject
Project("{2150E333-8FDC-42A3-9474-1A3956D46DE8}") = "week04", "week04", "{C1E7A7BF-0864-4E33-B80E-2603F2B17819}"
EndProject
Project("{9A19103F-16F7-4668-BE54-9A1E7A4F7556}") = "code", "week04\code\code.csproj", "{C49541F7-1DA0-4B09-8BFF-04D186310486}"
EndProject
Global
	GlobalSection(SolutionConfigurationPlatforms) = preSolution
		Debug|Any CPU = Debug|Any CPU
		Release|Any CPU = Release|Any CPU
	EndGlobalSection
	GlobalSection(ProjectConfigurationPlatforms) = postSolution
		{DE5EF3F1-2452-4B6A-BC2A-25B2671AAE27}.Debug|Any CPU.ActiveCfg = Debug|Any CPU
		{DE5EF3F1-2452-4B6A-BC2A-25B2671AAE27}.Debug|Any CPU.Build.0 = Debug|Any CPU
		{DE5EF3F1-2452-4B6A-BC2A-25B2671AAE27}.Release|Any CPU.ActiveCfg = Release|Any CPU
		{DE5EF3F1-2452-4B6A-BC2A-25B2671AAE27}.Release|Any CPU.Build.0 = Release|Any CPU
		{2D120776-364A-46BE-B008-58E8D37C0F7E}.Debug|Any CPU.ActiveCfg = Debug|Any CPU
		{2D120776-364A-46BE-B008-58E8D37C0F7E}.Debug|Any CPU.Build.0 = Debug|Any CPU
		{2D120776-364A-46BE-B008-58E8D37C0F7E}.Release|Any CPU.ActiveCfg = Release|Any CPU
		{2D120776-364A-46BE-B008-58E8D37C0F7E}.Release|Any CPU.Build.0 = Release|Any CPU
		{B86CFA8C-AF95-4EAA-81D3-9C317060D4A8}.Debug|Any CPU.ActiveCfg = Debug|Any CPU
		{B86CFA8C-AF95-4EAA-81D3-9C317060D4A8}.Debug|Any CPU.Build.0 = Debug|Any CPU
		{B86CFA8C-AF95-4EAA-81D3-9C317060D4A8}.Release|Any CPU.ActiveCfg = Release|Any CPU
		{B86CFA8C-AF95-4EAA-81D3-9C317060D4A8}.Release|Any CPU.Build.0 = Release|Any CPU
		{8EC22A3D-E8C1-42BA-B68F-14F7CEE53E50}.Debug|Any CPU.ActiveCfg = Debug|Any CPU
		{8EC22A3D-E8C1-42BA-B68F-14F7CEE53E50}.Debug|Any CPU.Build.0 = Debug|Any CPU
		{8EC22A3D-E8C1-42BA-B68F-14F7CEE53E50}.Release|Any CPU.ActiveCfg = Release|Any CPU
		{8EC22A3D-E8C1-42BA-B68F-14F7CEE53E50}.Release|Any CPU.Build.0 = Release|Any CPU
		{DBDA0AEE-3655-483E-AD54-48F79741868E}.Debug|Any CPU.ActiveCfg = Debug|Any CPU
		{DBDA0AEE-3655-483E-AD54-48F79741868E}.Debug|Any CPU.Build.0 = Debug|Any CPU
		{DBDA0AEE-3655-483E-AD54-48F79741868E}.Release|Any CPU.ActiveCfg = Release|Any CPU
		{DBDA0AEE-3655-483E-AD54-48F79741868E}.Release|Any CPU.Build.0 = Release|Any CPU
		{502B218F-F542-4AA4-BCB9-79129F4175BF}.Debug|Any CPU.ActiveCfg = Debug|Any CPU
		{502B218F-F542-4AA4-BCB9-79129F4175BF}.Debug|Any CPU.Build.0 = Debug|Any CPU
		{502B218F-F542-4AA4-BCB9-79129F4175BF}.Release|Any CPU.ActiveCfg = Release|Any CPU
		{502B218F-F542-4AA4-BCB9-79129F4175BF}.Release|Any CPU.Build.0 = Release|Any CPU
		{D01DA12E-BA9A-4EB7-B8EA-354B823500DB}.Debug|Any CPU.ActiveCfg = Debug|Any CPU
		{D01DA12E-BA9A-4EB7-B8EA-354B823500DB}.Debug|Any CPU.Build.0 = Debug|Any CPU
		{D01DA12E-BA9A-4EB7-B8EA-354B823500DB}.Release|Any CPU.ActiveCfg = Release|Any CPU
		{D01DA12E-BA9A-4EB7-B8EA-354B823500DB}.Release|Any CPU.Build.0 = Release|Any CPU
		{01FAC928-A852-4119-9A8E-C15EC280552A}.Debug|Any CPU.ActiveCfg = Debug|Any CPU
		{01FAC928-A852-4119-9A8E-C15EC280552A}.Debug|Any CPU.Build.0 = Debug|Any CPU
		{01FAC928-A852-4119-9A8E-C15EC280552A}.Release|Any CPU.ActiveCfg = Release|Any CPU
		{01FAC928-A852-4119-9A8E-C15EC280552A}.Release|Any CPU.Build.0 = Release|Any CPU
		{1A3680F5-E416-46B9-8282-98F25E55A01D}.Debug|Any CPU.ActiveCfg = Debug|Any CPU
		{1A3680F5-E416-46B9-8282-98F25E55A01D}.Debug|Any CPU.Build.0 = Debug|Any CPU
		{1A3680F5-E416-46B9-8282-98F25E55A01D}.Release|Any CPU.ActiveCfg = Release|Any CPU
		{1A3680F5-E416-46B9-8282-98F25E55A01D}.Release|Any CPU.Build.0 = Release|Any CPU
		{641920B4-BCF1-4BEE-B26B-5FBAF5BECC22}.Debug|Any CPU.ActiveCfg = Debug|Any CPU
		{641920B4-BCF1-4BEE-B26B-5FBAF5BECC22}.Debug|Any CPU.Build.0 = Debug|Any CPU
		{641920B4-BCF1-4BEE-B26B-5FBAF5BECC22}.Release|Any CPU.ActiveCfg = Release|Any CPU
		{641920B4-BCF1-4BEE-B26B-5FBAF5BECC22}.Release|Any CPU.Build.0 = Release|Any CPU
		{BC4D0ACC-4342-4437-B99B-6E58629D2796}.Debug|Any CPU.ActiveCfg = Debug|Any CPU
		{BC4D0ACC-4342-4437-B99B-6E58629D2796}.Debug|Any CPU.Build.0 = Debug|Any CPU
		{BC4D0ACC-4342-4437-B99B-6E58629D2796}.Release|Any CPU.ActiveCfg = Release|Any CPU
		{BC4D0ACC-4342-4437-B99B-6E58629D2796}.Release|Any CPU.Build.0 = Release|Any CPU
		{69FCFEF8-A8A2-414A-AF75-253CEA7474D9}.Debug|Any CPU.ActiveCfg = Debug|Any CPU
		{69FCFEF8-A8A2-414A-AF75-253CEA7474D9}.Debug|Any CPU.Build.0 = Debug|Any CPU
		{69FCFEF8-A8A2-414A-AF75-253CEA7474D9}.Release|Any CPU.ActiveCfg = Release|Any CPU
		{69FCFEF8-A8A2-414A-AF75-253CEA7474D9}.Release|Any CPU.Build.0 = Release|Any CPU
		{AB3DEEEE-33E4-4BA3-86B1-0FB38B8F1104}.Debug|Any CPU.ActiveCfg = Debug|Any CPU
		{AB3DEEEE-33E4-4BA3-86B1-0FB38B8F1104}.Debug|Any CPU.Build.0 = Debug|Any CPU
		{AB3DEEEE-33E4-4BA3-86B1-0FB38B8F1104}.Release|Any CPU.ActiveCfg = Release|Any CPU
		{AB3DEEEE-33E4-4BA3-86B1-0FB38B8F1104}.Release|Any CPU.Build.0 = Release|Any CPU
		{C49541F7-1DA0-4B09-8BFF-04D186310486}.Debug|Any CPU.ActiveCfg = Debug|Any CPU
		{C49541F7-1DA0-4B09-8BFF-04D186310486}.Debug|Any CPU.Build.0 = Debug|Any CPU
		{C49541F7-1DA0-4B09-8BFF-04D186310486}.Release|Any CPU.ActiveCfg = Release|Any CPU
		{C49541F7-1DA0-4B09-8BFF-04D186310486}.Release|Any CPU.Build.0 = Release|Any CPU
	EndGlobalSection
	GlobalSection(SolutionProperties) = preSolution
		HideSolutionNode = FALSE
	EndGlobalSection
	GlobalSection(NestedProjects) = preSolution
		{DE5EF3F1-2452-4B6A-BC2A-25B2671AAE27} = {45042F3A-FDB8-4F5F-AEB9-4D3ED68F6023}
		{2D120776-364A-46BE-B008-58E8D37C0F7E} = {45042F3A-FDB8-4F5F-AEB9-4D3ED68F6023}
		{B86CFA8C-AF95-4EAA-81D3-9C317060D4A8} = {45042F3A-FDB8-4F5F-AEB9-4D3ED68F6023}
		{8EC22A3D-E8C1-42BA-B68F-14F7CEE53E50} = {9F63BEDB-AC05-4DA0-B4C1-2FED72E31A44}
		{DBDA0AEE-3655-483E-AD54-48F79741868E} = {9171D1AB-72F4-4D42-A746-53AA052565A7}
		{502B218F-F542-4AA4-BCB9-79129F4175BF} = {ECA61443-2DEE-48EF-B4F2-5E7C66EA9C5D}
		{D01DA12E-BA9A-4EB7-B8EA-354B823500DB} = {AEBE8945-2A4A-497B-ADFC-50C8D858940B}
		{01FAC928-A852-4119-9A8E-C15EC280552A} = {AEBE8945-2A4A-497B-ADFC-50C8D858940B}
		{1A3680F5-E416-46B9-8282-98F25E55A01D} = {AEBE8945-2A4A-497B-ADFC-50C8D858940B}
		{641920B4-BCF1-4BEE-B26B-5FBAF5BECC22} = {AEBE8945-2A4A-497B-ADFC-50C8D858940B}
		{BC4D0ACC-4342-4437-B99B-6E58629D2796} = {894639E6-AAC1-474C-BD62-B67D40ADE86D}
		{69FCFEF8-A8A2-414A-AF75-253CEA7474D9} = {894639E6-AAC1-474C-BD62-B67D40ADE86D}
		{AB3DEEEE-33E4-4BA3-86B1-0FB38B8F1104} = {894639E6-AAC1-474C-BD62-B67D40ADE86D}
		{C49541F7-1DA0-4B09-8BFF-04D186310486} = {C1E7A7BF-0864-4E33-B80E-2603F2B17819}
	EndGlobalSection
	GlobalSection(ExtensibilityGlobals) = postSolution
		SolutionGuid = {4BBC768F-573D-4DDF-A97F-745DDF22BE19}
	EndGlobalSection
EndGlobal
